// !$*UTF8*$!
{
	archiveVersion = 1;
	classes = {
	};
	objectVersion = 50;
	objects = {

/* Begin PBXBuildFile section */
		AEBFB72224F7DF3900EF79E6 /* AppDelegate.swift in Sources */ = {isa = PBXBuildFile; fileRef = AEBFB72124F7DF3900EF79E6 /* AppDelegate.swift */; };
		AEBFB72424F7DF3900EF79E6 /* SceneDelegate.swift in Sources */ = {isa = PBXBuildFile; fileRef = AEBFB72324F7DF3900EF79E6 /* SceneDelegate.swift */; };
		AEBFB72624F7DF3900EF79E6 /* ViewController.swift in Sources */ = {isa = PBXBuildFile; fileRef = AEBFB72524F7DF3900EF79E6 /* ViewController.swift */; };
		AEBFB72924F7DF3900EF79E6 /* Main.storyboard in Resources */ = {isa = PBXBuildFile; fileRef = AEBFB72724F7DF3900EF79E6 /* Main.storyboard */; };
		AEBFB72B24F7DF3A00EF79E6 /* Assets.xcassets in Resources */ = {isa = PBXBuildFile; fileRef = AEBFB72A24F7DF3A00EF79E6 /* Assets.xcassets */; };
		AEBFB72E24F7DF3A00EF79E6 /* LaunchScreen.storyboard in Resources */ = {isa = PBXBuildFile; fileRef = AEBFB72C24F7DF3A00EF79E6 /* LaunchScreen.storyboard */; };
		AEBFB73724F7E22900EF79E6 /* MyTableViewCell.swift in Sources */ = {isa = PBXBuildFile; fileRef = AEBFB73524F7E22900EF79E6 /* MyTableViewCell.swift */; };
		AEBFB73824F7E22900EF79E6 /* MyTableViewCell.xib in Resources */ = {isa = PBXBuildFile; fileRef = AEBFB73624F7E22900EF79E6 /* MyTableViewCell.xib */; };
/* End PBXBuildFile section */

/* Begin PBXFileReference section */
		AEBFB71E24F7DF3900EF79E6 /* iOS_xib_pratice.app */ = {isa = PBXFileReference; explicitFileType = wrapper.application; includeInIndex = 0; path = iOS_xib_pratice.app; sourceTree = BUILT_PRODUCTS_DIR; };
		AEBFB72124F7DF3900EF79E6 /* AppDelegate.swift */ = {isa = PBXFileReference; lastKnownFileType = sourcecode.swift; path = AppDelegate.swift; sourceTree = "<group>"; };
		AEBFB72324F7DF3900EF79E6 /* SceneDelegate.swift */ = {isa = PBXFileReference; lastKnownFileType = sourcecode.swift; path = SceneDelegate.swift; sourceTree = "<group>"; };
		AEBFB72524F7DF3900EF79E6 /* ViewController.swift */ = {isa = PBXFileReference; lastKnownFileType = sourcecode.swift; path = ViewController.swift; sourceTree = "<group>"; };
		AEBFB72824F7DF3900EF79E6 /* Base */ = {isa = PBXFileReference; lastKnownFileType = file.storyboard; name = Base; path = Base.lproj/Main.storyboard; sourceTree = "<group>"; };
		AEBFB72A24F7DF3A00EF79E6 /* Assets.xcassets */ = {isa = PBXFileReference; lastKnownFileType = folder.assetcatalog; path = Assets.xcassets; sourceTree = "<group>"; };
		AEBFB72D24F7DF3A00EF79E6 /* Base */ = {isa = PBXFileReference; lastKnownFileType = file.storyboard; name = Base; path = Base.lproj/LaunchScreen.storyboard; sourceTree = "<group>"; };
		AEBFB72F24F7DF3A00EF79E6 /* Info.plist */ = {isa = PBXFileReference; lastKnownFileType = text.plist.xml; path = Info.plist; sourceTree = "<group>"; };
		AEBFB73524F7E22900EF79E6 /* MyTableViewCell.swift */ = {isa = PBXFileReference; lastKnownFileType = sourcecode.swift; path = MyTableViewCell.swift; sourceTree = "<group>"; };
		AEBFB73624F7E22900EF79E6 /* MyTableViewCell.xib */ = {isa = PBXFileReference; lastKnownFileType = file.xib; path = MyTableViewCell.xib; sourceTree = "<group>"; };
/* End PBXFileReference section */

/* Begin PBXFrameworksBuildPhase section */
		AEBFB71B24F7DF3900EF79E6 /* Frameworks */ = {
			isa = PBXFrameworksBuildPhase;
			buildActionMask = 2147483647;
			files = (
			);
			runOnlyForDeploymentPostprocessing = 0;
		};
/* End PBXFrameworksBuildPhase section */

/* Begin PBXGroup section */
		AEBFB71524F7DF3900EF79E6 = {
			isa = PBXGroup;
			children = (
				AEBFB72024F7DF3900EF79E6 /* iOS_xib_pratice */,
				AEBFB71F24F7DF3900EF79E6 /* Products */,
			);
			sourceTree = "<group>";
		};
		AEBFB71F24F7DF3900EF79E6 /* Products */ = {
			isa = PBXGroup;
			children = (
				AEBFB71E24F7DF3900EF79E6 /* iOS_xib_pratice.app */,
			);
			name = Products;
			sourceTree = "<group>";
		};
		AEBFB72024F7DF3900EF79E6 /* iOS_xib_pratice */ = {
			isa = PBXGroup;
			children = (
				AEBFB72124F7DF3900EF79E6 /* AppDelegate.swift */,
				AEBFB72324F7DF3900EF79E6 /* SceneDelegate.swift */,
				AEBFB72524F7DF3900EF79E6 /* ViewController.swift */,
				AEBFB72724F7DF3900EF79E6 /* Main.storyboard */,
				AEBFB73524F7E22900EF79E6 /* MyTableViewCell.swift */,
				AEBFB73624F7E22900EF79E6 /* MyTableViewCell.xib */,
				AEBFB72A24F7DF3A00EF79E6 /* Assets.xcassets */,
				AEBFB72C24F7DF3A00EF79E6 /* LaunchScreen.storyboard */,
				AEBFB72F24F7DF3A00EF79E6 /* Info.plist */,
			);
			path = iOS_xib_pratice;
			sourceTree = "<group>";
		};
/* End PBXGroup section */

/* Begin PBXNativeTarget section */
		AEBFB71D24F7DF3900EF79E6 /* iOS_xib_pratice */ = {
			isa = PBXNativeTarget;
			buildConfigurationList = AEBFB73224F7DF3A00EF79E6 /* Build configuration list for PBXNativeTarget "iOS_xib_pratice" */;
			buildPhases = (
				AEBFB71A24F7DF3900EF79E6 /* Sources */,
				AEBFB71B24F7DF3900EF79E6 /* Frameworks */,
				AEBFB71C24F7DF3900EF79E6 /* Resources */,
			);
			buildRules = (
			);
			dependencies = (
			);
			name = iOS_xib_pratice;
			productName = iOS_xib_pratice;
			productReference = AEBFB71E24F7DF3900EF79E6 /* iOS_xib_pratice.app */;
			productType = "com.apple.product-type.application";
		};
/* End PBXNativeTarget section */

/* Begin PBXProject section */
		AEBFB71624F7DF3900EF79E6 /* Project object */ = {
			isa = PBXProject;
			attributes = {
				LastSwiftUpdateCheck = 1160;
				LastUpgradeCheck = 1160;
				ORGANIZATIONNAME = "이유진";
				TargetAttributes = {
					AEBFB71D24F7DF3900EF79E6 = {
						CreatedOnToolsVersion = 11.6;
					};
				};
			};
			buildConfigurationList = AEBFB71924F7DF3900EF79E6 /* Build configuration list for PBXProject "iOS_xib_pratice" */;
			compatibilityVersion = "Xcode 9.3";
			developmentRegion = en;
			hasScannedForEncodings = 0;
			knownRegions = (
				en,
				Base,
			);
			mainGroup = AEBFB71524F7DF3900EF79E6;
			productRefGroup = AEBFB71F24F7DF3900EF79E6 /* Products */;
			projectDirPath = "";
			projectRoot = "";
			targets = (
				AEBFB71D24F7DF3900EF79E6 /* iOS_xib_pratice */,
			);
		};
/* End PBXProject section */

/* Begin PBXResourcesBuildPhase section */
		AEBFB71C24F7DF3900EF79E6 /* Resources */ = {
			isa = PBXResourcesBuildPhase;
			buildActionMask = 2147483647;
			files = (
				AEBFB72E24F7DF3A00EF79E6 /* LaunchScreen.storyboard in Resources */,
				AEBFB73824F7E22900EF79E6 /* MyTableViewCell.xib in Resources */,
				AEBFB72B24F7DF3A00EF79E6 /* Assets.xcassets in Resources */,
				AEBFB72924F7DF3900EF79E6 /* Main.storyboard in Resources */,
			);
			runOnlyForDeploymentPostprocessing = 0;
		};
/* End PBXResourcesBuildPhase section */

/* Begin PBXSourcesBuildPhase section */
		AEBFB71A24F7DF3900EF79E6 /* Sources */ = {
			isa = PBXSourcesBuildPhase;
			buildActionMask = 2147483647;
			files = (
				AEBFB72624F7DF3900EF79E6 /* ViewController.swift in Sources */,
				AEBFB73724F7E22900EF79E6 /* MyTableViewCell.swift in Sources */,
				AEBFB72224F7DF3900EF79E6 /* AppDelegate.swift in Sources */,
				AEBFB72424F7DF3900EF79E6 /* SceneDelegate.swift in Sources */,
			);
			runOnlyForDeploymentPostprocessing = 0;
		};
/* End PBXSourcesBuildPhase section */

/* Begin PBXVariantGroup section */
		AEBFB72724F7DF3900EF79E6 /* Main.storyboard */ = {
			isa = PBXVariantGroup;
			children = (
				AEBFB72824F7DF3900EF79E6 /* Base */,
			);
			name = Main.storyboard;
			sourceTree = "<group>";
		};
		AEBFB72C24F7DF3A00EF79E6 /* LaunchScreen.storyboard */ = {
			isa = PBXVariantGroup;
			children = (
				AEBFB72D24F7DF3A00EF79E6 /* Base */,
			);
			name = LaunchScreen.storyboard;
			sourceTree = "<group>";
		};
/* End PBXVariantGroup section */

/* Begin XCBuildConfiguration section */
		AEBFB73024F7DF3A00EF79E6 /* Debug */ = {
			isa = XCBuildConfiguration;
			buildSettings = {
				ALWAYS_SEARCH_USER_PATHS = NO;
				CLANG_ANALYZER_NONNULL = YES;
				CLANG_ANALYZER_NUMBER_OBJECT_CONVERSION = YES_AGGRESSIVE;
				CLANG_CXX_LANGUAGE_STANDARD = "gnu++14";
				CLANG_CXX_LIBRARY = "libc++";
				CLANG_ENABLE_MODULES = YES;
				CLANG_ENABLE_OBJC_ARC = YES;
				CLANG_ENABLE_OBJC_WEAK = YES;
				CLANG_WARN_BLOCK_CAPTURE_AUTORELEASING = YES;
				CLANG_WARN_BOOL_CONVERSION = YES;
				CLANG_WARN_COMMA = YES;
				CLANG_WARN_CONSTANT_CONVERSION = YES;
				CLANG_WARN_DEPRECATED_OBJC_IMPLEMENTATIONS = YES;
				CLANG_WARN_DIRECT_OBJC_ISA_USAGE = YES_ERROR;
				CLANG_WARN_DOCUMENTATION_COMMENTS = YES;
				CLANG_WARN_EMPTY_BODY = YES;
				CLANG_WARN_ENUM_CONVERSION = YES;
				CLANG_WARN_INFINITE_RECURSION = YES;
				CLANG_WARN_INT_CONVERSION = YES;
				CLANG_WARN_NON_LITERAL_NULL_CONVERSION = YES;
				CLANG_WARN_OBJC_IMPLICIT_RETAIN_SELF = YES;
				CLANG_WARN_OBJC_LITERAL_CONVERSION = YES;
				CLANG_WARN_OBJC_ROOT_CLASS = YES_ERROR;
				CLANG_WARN_RANGE_LOOP_ANALYSIS = YES;
				CLANG_WARN_STRICT_PROTOTYPES = YES;
				CLANG_WARN_SUSPICIOUS_MOVE = YES;
				CLANG_WARN_UNGUARDED_AVAILABILITY = YES_AGGRESSIVE;
				CLANG_WARN_UNREACHABLE_CODE = YES;
				CLANG_WARN__DUPLICATE_METHOD_MATCH = YES;
				COPY_PHASE_STRIP = NO;
				DEBUG_INFORMATION_FORMAT = dwarf;
				ENABLE_STRICT_OBJC_MSGSEND = YES;
				ENABLE_TESTABILITY = YES;
				GCC_C_LANGUAGE_STANDARD = gnu11;
				GCC_DYNAMIC_NO_PIC = NO;
				GCC_NO_COMMON_BLOCKS = YES;
				GCC_OPTIMIZATION_LEVEL = 0;
				GCC_PREPROCESSOR_DEFINITIONS = (
					"DEBUG=1",
					"$(inherited)",
				);
				GCC_WARN_64_TO_32_BIT_CONVERSION = YES;
				GCC_WARN_ABOUT_RETURN_TYPE = YES_ERROR;
				GCC_WARN_UNDECLARED_SELECTOR = YES;
				GCC_WARN_UNINITIALIZED_AUTOS = YES_AGGRESSIVE;
				GCC_WARN_UNUSED_FUNCTION = YES;
				GCC_WARN_UNUSED_VARIABLE = YES;
				IPHONEOS_DEPLOYMENT_TARGET = 13.6;
				MTL_ENABLE_DEBUG_INFO = INCLUDE_SOURCE;
				MTL_FAST_MATH = YES;
				ONLY_ACTIVE_ARCH = YES;
				SDKROOT = iphoneos;
				SWIFT_ACTIVE_COMPILATION_CONDITIONS = DEBUG;
				SWIFT_OPTIMIZATION_LEVEL = "-Onone";
			};
			name = Debug;
		};
		AEBFB73124F7DF3A00EF79E6 /* Release */ = {
			isa = XCBuildConfiguration;
			buildSettings = {
				ALWAYS_SEARCH_USER_PATHS = NO;
				CLANG_ANALYZER_NONNULL = YES;
				CLANG_ANALYZER_NUMBER_OBJECT_CONVERSION = YES_AGGRESSIVE;
				CLANG_CXX_LANGUAGE_STANDARD = "gnu++14";
				CLANG_CXX_LIBRARY = "libc++";
				CLANG_ENABLE_MODULES = YES;
				CLANG_ENABLE_OBJC_ARC = YES;
				CLANG_ENABLE_OBJC_WEAK = YES;
				CLANG_WARN_BLOCK_CAPTURE_AUTORELEASING = YES;
				CLANG_WARN_BOOL_CONVERSION = YES;
				CLANG_WARN_COMMA = YES;
				CLANG_WARN_CONSTANT_CONVERSION = YES;
				CLANG_WARN_DEPRECATED_OBJC_IMPLEMENTATIONS = YES;
				CLANG_WARN_DIRECT_OBJC_ISA_USAGE = YES_ERROR;
				CLANG_WARN_DOCUMENTATION_COMMENTS = YES;
				CLANG_WARN_EMPTY_BODY = YES;
				CLANG_WARN_ENUM_CONVERSION = YES;
				CLANG_WARN_INFINITE_RECURSION = YES;
				CLANG_WARN_INT_CONVERSION = YES;
				CLANG_WARN_NON_LITERAL_NULL_CONVERSION = YES;
				CLANG_WARN_OBJC_IMPLICIT_RETAIN_SELF = YES;
				CLANG_WARN_OBJC_LITERAL_CONVERSION = YES;
				CLANG_WARN_OBJC_ROOT_CLASS = YES_ERROR;
				CLANG_WARN_RANGE_LOOP_ANALYSIS = YES;
				CLANG_WARN_STRICT_PROTOTYPES = YES;
				CLANG_WARN_SUSPICIOUS_MOVE = YES;
				CLANG_WARN_UNGUARDED_AVAILABILITY = YES_AGGRESSIVE;
				CLANG_WARN_UNREACHABLE_CODE = YES;
				CLANG_WARN__DUPLICATE_METHOD_MATCH = YES;
				COPY_PHASE_STRIP = NO;
				DEBUG_INFORMATION_FORMAT = "dwarf-with-dsym";
				ENABLE_NS_ASSERTIONS = NO;
				ENABLE_STRICT_OBJC_MSGSEND = YES;
				GCC_C_LANGUAGE_STANDARD = gnu11;
				GCC_NO_COMMON_BLOCKS = YES;
				GCC_WARN_64_TO_32_BIT_CONVERSION = YES;
				GCC_WARN_ABOUT_RETURN_TYPE = YES_ERROR;
				GCC_WARN_UNDECLARED_SELECTOR = YES;
				GCC_WARN_UNINITIALIZED_AUTOS = YES_AGGRESSIVE;
				GCC_WARN_UNUSED_FUNCTION = YES;
				GCC_WARN_UNUSED_VARIABLE = YES;
				IPHONEOS_DEPLOYMENT_TARGET = 13.6;
				MTL_ENABLE_DEBUG_INFO = NO;
				MTL_FAST_MATH = YES;
				SDKROOT = iphoneos;
				SWIFT_COMPILATION_MODE = wholemodule;
				SWIFT_OPTIMIZATION_LEVEL = "-O";
				VALIDATE_PRODUCT = YES;
			};
			name = Release;
		};
		AEBFB73324F7DF3A00EF79E6 /* Debug */ = {
			isa = XCBuildConfiguration;
			buildSettings = {
				ASSETCATALOG_COMPILER_APPICON_NAME = AppIcon;
				CODE_SIGN_STYLE = Automatic;
				INFOPLIST_FILE = iOS_xib_pratice/Info.plist;
				LD_RUNPATH_SEARCH_PATHS = (
					"$(inherited)",
					"@executable_path/Frameworks",
				);
				PRODUCT_BUNDLE_IDENTIFIER = "com.ebadaq.iOS-xib-pratice";
				PRODUCT_NAME = "$(TARGET_NAME)";
				SWIFT_VERSION = 5.0;
				TARGETED_DEVICE_FAMILY = "1,2";
			};
			name = Debug;
		};
		AEBFB73424F7DF3A00EF79E6 /* Release */ = {
			isa = XCBuildConfiguration;
			buildSettings = {
				ASSETCATALOG_COMPILER_APPICON_NAME = AppIcon;
				CODE_SIGN_STYLE = Automatic;
				INFOPLIST_FILE = iOS_xib_pratice/Info.plist;
				LD_RUNPATH_SEARCH_PATHS = (
					"$(inherited)",
					"@executable_path/Frameworks",
				);
				PRODUCT_BUNDLE_IDENTIFIER = "com.ebadaq.iOS-xib-pratice";
				PRODUCT_NAME = "$(TARGET_NAME)";
				SWIFT_VERSION = 5.0;
				TARGETED_DEVICE_FAMILY = "1,2";
			};
			name = Release;
		};
/* End XCBuildConfiguration section */

/* Begin XCConfigurationList section */
		AEBFB71924F7DF3900EF79E6 /* Build configuration list for PBXProject "iOS_xib_pratice" */ = {
			isa = XCConfigurationList;
			buildConfigurations = (
				AEBFB73024F7DF3A00EF79E6 /* Debug */,
				AEBFB73124F7DF3A00EF79E6 /* Release */,
			);
			defaultConfigurationIsVisible = 0;
			defaultConfigurationName = Release;
		};
		AEBFB73224F7DF3A00EF79E6 /* Build configuration list for PBXNativeTarget "iOS_xib_pratice" */ = {
			isa = XCConfigurationList;
			buildConfigurations = (
				AEBFB73324F7DF3A00EF79E6 /* Debug */,
				AEBFB73424F7DF3A00EF79E6 /* Release */,
			);
			defaultConfigurationIsVisible = 0;
			defaultConfigurationName = Release;
		};
/* End XCConfigurationList section */
	};
	rootObject = AEBFB71624F7DF3900EF79E6 /* Project object */;
}
