// !$*UTF8*$!
{
	archiveVersion = 1;
	classes = {
	};
	objectVersion = 55;
	objects = {

/* Begin PBXBuildFile section */
		4572BD0F27F138C000A0D556 /* AppDelegate.swift in Sources */ = {isa = PBXBuildFile; fileRef = 4572BD0E27F138C000A0D556 /* AppDelegate.swift */; };
		4572BD1127F138C000A0D556 /* SceneDelegate.swift in Sources */ = {isa = PBXBuildFile; fileRef = 4572BD1027F138C000A0D556 /* SceneDelegate.swift */; };
		4572BD1327F138C000A0D556 /* ViewController.swift in Sources */ = {isa = PBXBuildFile; fileRef = 4572BD1227F138C000A0D556 /* ViewController.swift */; };
		4572BD1627F138C000A0D556 /* Main.storyboard in Resources */ = {isa = PBXBuildFile; fileRef = 4572BD1427F138C000A0D556 /* Main.storyboard */; };
		4572BD1827F138C100A0D556 /* Assets.xcassets in Resources */ = {isa = PBXBuildFile; fileRef = 4572BD1727F138C100A0D556 /* Assets.xcassets */; };
		4572BD1B27F138C100A0D556 /* LaunchScreen.storyboard in Resources */ = {isa = PBXBuildFile; fileRef = 4572BD1927F138C100A0D556 /* LaunchScreen.storyboard */; };
		4572BD2627F138C200A0D556 /* SampleCollectionsTests.swift in Sources */ = {isa = PBXBuildFile; fileRef = 4572BD2527F138C200A0D556 /* SampleCollectionsTests.swift */; };
		4572BD3027F138C200A0D556 /* SampleCollectionsUITests.swift in Sources */ = {isa = PBXBuildFile; fileRef = 4572BD2F27F138C200A0D556 /* SampleCollectionsUITests.swift */; };
		4572BD3227F138C200A0D556 /* SampleCollectionsUITestsLaunchTests.swift in Sources */ = {isa = PBXBuildFile; fileRef = 4572BD3127F138C200A0D556 /* SampleCollectionsUITestsLaunchTests.swift */; };
		4572BD8427F4304400A0D556 /* IMG_3157.png in Resources */ = {isa = PBXBuildFile; fileRef = 4572BD8327F4304300A0D556 /* IMG_3157.png */; };
		4572BDC227FB168100A0D556 /* BaseTableViewController.swift in Sources */ = {isa = PBXBuildFile; fileRef = 4572BDC127FB168100A0D556 /* BaseTableViewController.swift */; };
/* End PBXBuildFile section */

/* Begin PBXContainerItemProxy section */
		4572BD2227F138C200A0D556 /* PBXContainerItemProxy */ = {
			isa = PBXContainerItemProxy;
			containerPortal = 4572BD0327F138C000A0D556 /* Project object */;
			proxyType = 1;
			remoteGlobalIDString = 4572BD0A27F138C000A0D556;
			remoteInfo = SampleCollections;
		};
		4572BD2C27F138C200A0D556 /* PBXContainerItemProxy */ = {
			isa = PBXContainerItemProxy;
			containerPortal = 4572BD0327F138C000A0D556 /* Project object */;
			proxyType = 1;
			remoteGlobalIDString = 4572BD0A27F138C000A0D556;
			remoteInfo = SampleCollections;
		};
/* End PBXContainerItemProxy section */

/* Begin PBXFileReference section */
		4572BD0B27F138C000A0D556 /* SampleCollections.app */ = {isa = PBXFileReference; explicitFileType = wrapper.application; includeInIndex = 0; path = SampleCollections.app; sourceTree = BUILT_PRODUCTS_DIR; };
		4572BD0E27F138C000A0D556 /* AppDelegate.swift */ = {isa = PBXFileReference; lastKnownFileType = sourcecode.swift; path = AppDelegate.swift; sourceTree = "<group>"; };
		4572BD1027F138C000A0D556 /* SceneDelegate.swift */ = {isa = PBXFileReference; lastKnownFileType = sourcecode.swift; path = SceneDelegate.swift; sourceTree = "<group>"; };
		4572BD1227F138C000A0D556 /* ViewController.swift */ = {isa = PBXFileReference; lastKnownFileType = sourcecode.swift; path = ViewController.swift; sourceTree = "<group>"; };
		4572BD1527F138C000A0D556 /* Base */ = {isa = PBXFileReference; lastKnownFileType = file.storyboard; name = Base; path = Base.lproj/Main.storyboard; sourceTree = "<group>"; };
		4572BD1727F138C100A0D556 /* Assets.xcassets */ = {isa = PBXFileReference; lastKnownFileType = folder.assetcatalog; path = Assets.xcassets; sourceTree = "<group>"; };
		4572BD1A27F138C100A0D556 /* Base */ = {isa = PBXFileReference; lastKnownFileType = file.storyboard; name = Base; path = Base.lproj/LaunchScreen.storyboard; sourceTree = "<group>"; };
		4572BD1C27F138C100A0D556 /* Info.plist */ = {isa = PBXFileReference; lastKnownFileType = text.plist.xml; path = Info.plist; sourceTree = "<group>"; };
		4572BD2127F138C200A0D556 /* SampleCollectionsTests.xctest */ = {isa = PBXFileReference; explicitFileType = wrapper.cfbundle; includeInIndex = 0; path = SampleCollectionsTests.xctest; sourceTree = BUILT_PRODUCTS_DIR; };
		4572BD2527F138C200A0D556 /* SampleCollectionsTests.swift */ = {isa = PBXFileReference; lastKnownFileType = sourcecode.swift; path = SampleCollectionsTests.swift; sourceTree = "<group>"; };
		4572BD2B27F138C200A0D556 /* SampleCollectionsUITests.xctest */ = {isa = PBXFileReference; explicitFileType = wrapper.cfbundle; includeInIndex = 0; path = SampleCollectionsUITests.xctest; sourceTree = BUILT_PRODUCTS_DIR; };
		4572BD2F27F138C200A0D556 /* SampleCollectionsUITests.swift */ = {isa = PBXFileReference; lastKnownFileType = sourcecode.swift; path = SampleCollectionsUITests.swift; sourceTree = "<group>"; };
		4572BD3127F138C200A0D556 /* SampleCollectionsUITestsLaunchTests.swift */ = {isa = PBXFileReference; lastKnownFileType = sourcecode.swift; path = SampleCollectionsUITestsLaunchTests.swift; sourceTree = "<group>"; };
		4572BD8327F4304300A0D556 /* IMG_3157.png */ = {isa = PBXFileReference; lastKnownFileType = image.png; name = IMG_3157.png; path = ../../../../IMG_3157.png; sourceTree = "<group>"; };
		4572BDC127FB168100A0D556 /* BaseTableViewController.swift */ = {isa = PBXFileReference; lastKnownFileType = sourcecode.swift; path = BaseTableViewController.swift; sourceTree = "<group>"; };
/* End PBXFileReference section */

/* Begin PBXFrameworksBuildPhase section */
		4572BD0827F138C000A0D556 /* Frameworks */ = {
			isa = PBXFrameworksBuildPhase;
			buildActionMask = 2147483647;
			files = (
			);
			runOnlyForDeploymentPostprocessing = 0;
		};
		4572BD1E27F138C200A0D556 /* Frameworks */ = {
			isa = PBXFrameworksBuildPhase;
			buildActionMask = 2147483647;
			files = (
			);
			runOnlyForDeploymentPostprocessing = 0;
		};
		4572BD2827F138C200A0D556 /* Frameworks */ = {
			isa = PBXFrameworksBuildPhase;
			buildActionMask = 2147483647;
			files = (
			);
			runOnlyForDeploymentPostprocessing = 0;
		};
/* End PBXFrameworksBuildPhase section */

/* Begin PBXGroup section */
		4572BD0227F138C000A0D556 = {
			isa = PBXGroup;
			children = (
				4572BD0D27F138C000A0D556 /* SampleCollections */,
				4572BD2427F138C200A0D556 /* SampleCollectionsTests */,
				4572BD2E27F138C200A0D556 /* SampleCollectionsUITests */,
				4572BD0C27F138C000A0D556 /* Products */,
			);
			sourceTree = "<group>";
		};
		4572BD0C27F138C000A0D556 /* Products */ = {
			isa = PBXGroup;
			children = (
				4572BD0B27F138C000A0D556 /* SampleCollections.app */,
				4572BD2127F138C200A0D556 /* SampleCollectionsTests.xctest */,
				4572BD2B27F138C200A0D556 /* SampleCollectionsUITests.xctest */,
			);
			name = Products;
			sourceTree = "<group>";
		};
		4572BD0D27F138C000A0D556 /* SampleCollections */ = {
			isa = PBXGroup;
			children = (
				4572BD3E27F2941400A0D556 /* Resource */,
				4572BD0E27F138C000A0D556 /* AppDelegate.swift */,
				4572BD1027F138C000A0D556 /* SceneDelegate.swift */,
				4572BD1227F138C000A0D556 /* ViewController.swift */,
				4572BD1427F138C000A0D556 /* Main.storyboard */,
				4572BD1727F138C100A0D556 /* Assets.xcassets */,
				4572BD1927F138C100A0D556 /* LaunchScreen.storyboard */,
				4572BD1C27F138C100A0D556 /* Info.plist */,
				4572BDC127FB168100A0D556 /* BaseTableViewController.swift */,
			);
			path = SampleCollections;
			sourceTree = "<group>";
		};
		4572BD2427F138C200A0D556 /* SampleCollectionsTests */ = {
			isa = PBXGroup;
			children = (
				4572BD2527F138C200A0D556 /* SampleCollectionsTests.swift */,
			);
			path = SampleCollectionsTests;
			sourceTree = "<group>";
		};
		4572BD2E27F138C200A0D556 /* SampleCollectionsUITests */ = {
			isa = PBXGroup;
			children = (
				4572BD2F27F138C200A0D556 /* SampleCollectionsUITests.swift */,
				4572BD3127F138C200A0D556 /* SampleCollectionsUITestsLaunchTests.swift */,
			);
			path = SampleCollectionsUITests;
			sourceTree = "<group>";
		};
		4572BD3E27F2941400A0D556 /* Resource */ = {
			isa = PBXGroup;
			children = (
				4572BD8327F4304300A0D556 /* IMG_3157.png */,
			);
			path = Resource;
			sourceTree = "<group>";
		};
/* End PBXGroup section */

/* Begin PBXNativeTarget section */
		4572BD0A27F138C000A0D556 /* SampleCollections */ = {
			isa = PBXNativeTarget;
			buildConfigurationList = 4572BD3527F138C200A0D556 /* Build configuration list for PBXNativeTarget "SampleCollections" */;
			buildPhases = (
				4572BD0727F138C000A0D556 /* Sources */,
				4572BD0827F138C000A0D556 /* Frameworks */,
				4572BD0927F138C000A0D556 /* Resources */,
			);
			buildRules = (
			);
			dependencies = (
			);
			name = SampleCollections;
			productName = SampleCollections;
			productReference = 4572BD0B27F138C000A0D556 /* SampleCollections.app */;
			productType = "com.apple.product-type.application";
		};
		4572BD2027F138C200A0D556 /* SampleCollectionsTests */ = {
			isa = PBXNativeTarget;
			buildConfigurationList = 4572BD3827F138C200A0D556 /* Build configuration list for PBXNativeTarget "SampleCollectionsTests" */;
			buildPhases = (
				4572BD1D27F138C200A0D556 /* Sources */,
				4572BD1E27F138C200A0D556 /* Frameworks */,
				4572BD1F27F138C200A0D556 /* Resources */,
			);
			buildRules = (
			);
			dependencies = (
				4572BD2327F138C200A0D556 /* PBXTargetDependency */,
			);
			name = SampleCollectionsTests;
			productName = SampleCollectionsTests;
			productReference = 4572BD2127F138C200A0D556 /* SampleCollectionsTests.xctest */;
			productType = "com.apple.product-type.bundle.unit-test";
		};
		4572BD2A27F138C200A0D556 /* SampleCollectionsUITests */ = {
			isa = PBXNativeTarget;
			buildConfigurationList = 4572BD3B27F138C200A0D556 /* Build configuration list for PBXNativeTarget "SampleCollectionsUITests" */;
			buildPhases = (
				4572BD2727F138C200A0D556 /* Sources */,
				4572BD2827F138C200A0D556 /* Frameworks */,
				4572BD2927F138C200A0D556 /* Resources */,
			);
			buildRules = (
			);
			dependencies = (
				4572BD2D27F138C200A0D556 /* PBXTargetDependency */,
			);
			name = SampleCollectionsUITests;
			productName = SampleCollectionsUITests;
			productReference = 4572BD2B27F138C200A0D556 /* SampleCollectionsUITests.xctest */;
			productType = "com.apple.product-type.bundle.ui-testing";
		};
/* End PBXNativeTarget section */

/* Begin PBXProject section */
		4572BD0327F138C000A0D556 /* Project object */ = {
			isa = PBXProject;
			attributes = {
				BuildIndependentTargetsInParallel = 1;
				LastSwiftUpdateCheck = 1320;
				LastUpgradeCheck = 1320;
				TargetAttributes = {
					4572BD0A27F138C000A0D556 = {
						CreatedOnToolsVersion = 13.2.1;
					};
					4572BD2027F138C200A0D556 = {
						CreatedOnToolsVersion = 13.2.1;
						TestTargetID = 4572BD0A27F138C000A0D556;
					};
					4572BD2A27F138C200A0D556 = {
						CreatedOnToolsVersion = 13.2.1;
						TestTargetID = 4572BD0A27F138C000A0D556;
					};
				};
			};
			buildConfigurationList = 4572BD0627F138C000A0D556 /* Build configuration list for PBXProject "SampleCollections" */;
			compatibilityVersion = "Xcode 13.0";
			developmentRegion = en;
			hasScannedForEncodings = 0;
			knownRegions = (
				en,
				Base,
			);
			mainGroup = 4572BD0227F138C000A0D556;
			productRefGroup = 4572BD0C27F138C000A0D556 /* Products */;
			projectDirPath = "";
			projectRoot = "";
			targets = (
				4572BD0A27F138C000A0D556 /* SampleCollections */,
				4572BD2027F138C200A0D556 /* SampleCollectionsTests */,
				4572BD2A27F138C200A0D556 /* SampleCollectionsUITests */,
			);
		};
/* End PBXProject section */

/* Begin PBXResourcesBuildPhase section */
		4572BD0927F138C000A0D556 /* Resources */ = {
			isa = PBXResourcesBuildPhase;
			buildActionMask = 2147483647;
			files = (
				4572BD8427F4304400A0D556 /* IMG_3157.png in Resources */,
				4572BD1B27F138C100A0D556 /* LaunchScreen.storyboard in Resources */,
				4572BD1827F138C100A0D556 /* Assets.xcassets in Resources */,
				4572BD1627F138C000A0D556 /* Main.storyboard in Resources */,
			);
			runOnlyForDeploymentPostprocessing = 0;
		};
		4572BD1F27F138C200A0D556 /* Resources */ = {
			isa = PBXResourcesBuildPhase;
			buildActionMask = 2147483647;
			files = (
			);
			runOnlyForDeploymentPostprocessing = 0;
		};
		4572BD2927F138C200A0D556 /* Resources */ = {
			isa = PBXResourcesBuildPhase;
			buildActionMask = 2147483647;
			files = (
			);
			runOnlyForDeploymentPostprocessing = 0;
		};
/* End PBXResourcesBuildPhase section */

/* Begin PBXSourcesBuildPhase section */
		4572BD0727F138C000A0D556 /* Sources */ = {
			isa = PBXSourcesBuildPhase;
			buildActionMask = 2147483647;
			files = (
				4572BD1327F138C000A0D556 /* ViewController.swift in Sources */,
				4572BD0F27F138C000A0D556 /* AppDelegate.swift in Sources */,
				4572BDC227FB168100A0D556 /* BaseTableViewController.swift in Sources */,
				4572BD1127F138C000A0D556 /* SceneDelegate.swift in Sources */,
			);
			runOnlyForDeploymentPostprocessing = 0;
		};
		4572BD1D27F138C200A0D556 /* Sources */ = {
			isa = PBXSourcesBuildPhase;
			buildActionMask = 2147483647;
			files = (
				4572BD2627F138C200A0D556 /* SampleCollectionsTests.swift in Sources */,
			);
			runOnlyForDeploymentPostprocessing = 0;
		};
		4572BD2727F138C200A0D556 /* Sources */ = {
			isa = PBXSourcesBuildPhase;
			buildActionMask = 2147483647;
			files = (
				4572BD3227F138C200A0D556 /* SampleCollectionsUITestsLaunchTests.swift in Sources */,
				4572BD3027F138C200A0D556 /* SampleCollectionsUITests.swift in Sources */,
			);
			runOnlyForDeploymentPostprocessing = 0;
		};
/* End PBXSourcesBuildPhase section */

/* Begin PBXTargetDependency section */
		4572BD2327F138C200A0D556 /* PBXTargetDependency */ = {
			isa = PBXTargetDependency;
			target = 4572BD0A27F138C000A0D556 /* SampleCollections */;
			targetProxy = 4572BD2227F138C200A0D556 /* PBXContainerItemProxy */;
		};
		4572BD2D27F138C200A0D556 /* PBXTargetDependency */ = {
			isa = PBXTargetDependency;
			target = 4572BD0A27F138C000A0D556 /* SampleCollections */;
			targetProxy = 4572BD2C27F138C200A0D556 /* PBXContainerItemProxy */;
		};
/* End PBXTargetDependency section */

/* Begin PBXVariantGroup section */
		4572BD1427F138C000A0D556 /* Main.storyboard */ = {
			isa = PBXVariantGroup;
			children = (
				4572BD1527F138C000A0D556 /* Base */,
			);
			name = Main.storyboard;
			sourceTree = "<group>";
		};
		4572BD1927F138C100A0D556 /* LaunchScreen.storyboard */ = {
			isa = PBXVariantGroup;
			children = (
				4572BD1A27F138C100A0D556 /* Base */,
			);
			name = LaunchScreen.storyboard;
			sourceTree = "<group>";
		};
/* End PBXVariantGroup section */

/* Begin XCBuildConfiguration section */
		4572BD3327F138C200A0D556 /* Debug */ = {
			isa = XCBuildConfiguration;
			buildSettings = {
				ALWAYS_SEARCH_USER_PATHS = NO;
				CLANG_ANALYZER_NONNULL = YES;
				CLANG_ANALYZER_NUMBER_OBJECT_CONVERSION = YES_AGGRESSIVE;
				CLANG_CXX_LANGUAGE_STANDARD = "gnu++17";
				CLANG_CXX_LIBRARY = "libc++";
				CLANG_ENABLE_MODULES = YES;
				CLANG_ENABLE_OBJC_ARC = YES;
				CLANG_ENABLE_OBJC_WEAK = YES;
				CLANG_WARN_BLOCK_CAPTURE_AUTORELEASING = YES;
				CLANG_WARN_BOOL_CONVERSION = YES;
				CLANG_WARN_COMMA = YES;
				CLANG_WARN_CONSTANT_CONVERSION = YES;
				CLANG_WARN_DEPRECATED_OBJC_IMPLEMENTATIONS = YES;
				CLANG_WARN_DIRECT_OBJC_ISA_USAGE = YES_ERROR;
				CLANG_WARN_DOCUMENTATION_COMMENTS = YES;
				CLANG_WARN_EMPTY_BODY = YES;
				CLANG_WARN_ENUM_CONVERSION = YES;
				CLANG_WARN_INFINITE_RECURSION = YES;
				CLANG_WARN_INT_CONVERSION = YES;
				CLANG_WARN_NON_LITERAL_NULL_CONVERSION = YES;
				CLANG_WARN_OBJC_IMPLICIT_RETAIN_SELF = YES;
				CLANG_WARN_OBJC_LITERAL_CONVERSION = YES;
				CLANG_WARN_OBJC_ROOT_CLASS = YES_ERROR;
				CLANG_WARN_QUOTED_INCLUDE_IN_FRAMEWORK_HEADER = YES;
				CLANG_WARN_RANGE_LOOP_ANALYSIS = YES;
				CLANG_WARN_STRICT_PROTOTYPES = YES;
				CLANG_WARN_SUSPICIOUS_MOVE = YES;
				CLANG_WARN_UNGUARDED_AVAILABILITY = YES_AGGRESSIVE;
				CLANG_WARN_UNREACHABLE_CODE = YES;
				CLANG_WARN__DUPLICATE_METHOD_MATCH = YES;
				COPY_PHASE_STRIP = NO;
				DEBUG_INFORMATION_FORMAT = dwarf;
				ENABLE_STRICT_OBJC_MSGSEND = YES;
				ENABLE_TESTABILITY = YES;
				GCC_C_LANGUAGE_STANDARD = gnu11;
				GCC_DYNAMIC_NO_PIC = NO;
				GCC_NO_COMMON_BLOCKS = YES;
				GCC_OPTIMIZATION_LEVEL = 0;
				GCC_PREPROCESSOR_DEFINITIONS = (
					"DEBUG=1",
					"$(inherited)",
				);
				GCC_WARN_64_TO_32_BIT_CONVERSION = YES;
				GCC_WARN_ABOUT_RETURN_TYPE = YES_ERROR;
				GCC_WARN_UNDECLARED_SELECTOR = YES;
				GCC_WARN_UNINITIALIZED_AUTOS = YES_AGGRESSIVE;
				GCC_WARN_UNUSED_FUNCTION = YES;
				GCC_WARN_UNUSED_VARIABLE = YES;
				IPHONEOS_DEPLOYMENT_TARGET = 15.2;
				MTL_ENABLE_DEBUG_INFO = INCLUDE_SOURCE;
				MTL_FAST_MATH = YES;
				ONLY_ACTIVE_ARCH = YES;
				SDKROOT = iphoneos;
				SWIFT_ACTIVE_COMPILATION_CONDITIONS = DEBUG;
				SWIFT_OPTIMIZATION_LEVEL = "-Onone";
			};
			name = Debug;
		};
		4572BD3427F138C200A0D556 /* Release */ = {
			isa = XCBuildConfiguration;
			buildSettings = {
				ALWAYS_SEARCH_USER_PATHS = NO;
				CLANG_ANALYZER_NONNULL = YES;
				CLANG_ANALYZER_NUMBER_OBJECT_CONVERSION = YES_AGGRESSIVE;
				CLANG_CXX_LANGUAGE_STANDARD = "gnu++17";
				CLANG_CXX_LIBRARY = "libc++";
				CLANG_ENABLE_MODULES = YES;
				CLANG_ENABLE_OBJC_ARC = YES;
				CLANG_ENABLE_OBJC_WEAK = YES;
				CLANG_WARN_BLOCK_CAPTURE_AUTORELEASING = YES;
				CLANG_WARN_BOOL_CONVERSION = YES;
				CLANG_WARN_COMMA = YES;
				CLANG_WARN_CONSTANT_CONVERSION = YES;
				CLANG_WARN_DEPRECATED_OBJC_IMPLEMENTATIONS = YES;
				CLANG_WARN_DIRECT_OBJC_ISA_USAGE = YES_ERROR;
				CLANG_WARN_DOCUMENTATION_COMMENTS = YES;
				CLANG_WARN_EMPTY_BODY = YES;
				CLANG_WARN_ENUM_CONVERSION = YES;
				CLANG_WARN_INFINITE_RECURSION = YES;
				CLANG_WARN_INT_CONVERSION = YES;
				CLANG_WARN_NON_LITERAL_NULL_CONVERSION = YES;
				CLANG_WARN_OBJC_IMPLICIT_RETAIN_SELF = YES;
				CLANG_WARN_OBJC_LITERAL_CONVERSION = YES;
				CLANG_WARN_OBJC_ROOT_CLASS = YES_ERROR;
				CLANG_WARN_QUOTED_INCLUDE_IN_FRAMEWORK_HEADER = YES;
				CLANG_WARN_RANGE_LOOP_ANALYSIS = YES;
				CLANG_WARN_STRICT_PROTOTYPES = YES;
				CLANG_WARN_SUSPICIOUS_MOVE = YES;
				CLANG_WARN_UNGUARDED_AVAILABILITY = YES_AGGRESSIVE;
				CLANG_WARN_UNREACHABLE_CODE = YES;
				CLANG_WARN__DUPLICATE_METHOD_MATCH = YES;
				COPY_PHASE_STRIP = NO;
				DEBUG_INFORMATION_FORMAT = "dwarf-with-dsym";
				ENABLE_NS_ASSERTIONS = NO;
				ENABLE_STRICT_OBJC_MSGSEND = YES;
				GCC_C_LANGUAGE_STANDARD = gnu11;
				GCC_NO_COMMON_BLOCKS = YES;
				GCC_WARN_64_TO_32_BIT_CONVERSION = YES;
				GCC_WARN_ABOUT_RETURN_TYPE = YES_ERROR;
				GCC_WARN_UNDECLARED_SELECTOR = YES;
				GCC_WARN_UNINITIALIZED_AUTOS = YES_AGGRESSIVE;
				GCC_WARN_UNUSED_FUNCTION = YES;
				GCC_WARN_UNUSED_VARIABLE = YES;
				IPHONEOS_DEPLOYMENT_TARGET = 15.2;
				MTL_ENABLE_DEBUG_INFO = NO;
				MTL_FAST_MATH = YES;
				SDKROOT = iphoneos;
				SWIFT_COMPILATION_MODE = wholemodule;
				SWIFT_OPTIMIZATION_LEVEL = "-O";
				VALIDATE_PRODUCT = YES;
			};
			name = Release;
		};
		4572BD3627F138C200A0D556 /* Debug */ = {
			isa = XCBuildConfiguration;
			buildSettings = {
				ASSETCATALOG_COMPILER_APPICON_NAME = AppIcon;
				ASSETCATALOG_COMPILER_GLOBAL_ACCENT_COLOR_NAME = AccentColor;
				CODE_SIGN_STYLE = Automatic;
				CURRENT_PROJECT_VERSION = 1;
				DEVELOPMENT_TEAM = 7ZRM9W758F;
				GENERATE_INFOPLIST_FILE = YES;
				INFOPLIST_FILE = SampleCollections/Info.plist;
				INFOPLIST_KEY_UIApplicationSupportsIndirectInputEvents = YES;
				INFOPLIST_KEY_UILaunchStoryboardName = LaunchScreen;
				INFOPLIST_KEY_UIMainStoryboardFile = Main;
				INFOPLIST_KEY_UISupportedInterfaceOrientations_iPad = "UIInterfaceOrientationPortrait UIInterfaceOrientationPortraitUpsideDown UIInterfaceOrientationLandscapeLeft UIInterfaceOrientationLandscapeRight";
				INFOPLIST_KEY_UISupportedInterfaceOrientations_iPhone = "UIInterfaceOrientationPortrait UIInterfaceOrientationLandscapeLeft UIInterfaceOrientationLandscapeRight";
				LD_RUNPATH_SEARCH_PATHS = (
					"$(inherited)",
					"@executable_path/Frameworks",
				);
				MARKETING_VERSION = 1.0;
				PRODUCT_BUNDLE_IDENTIFIER = test.SampleCollections;
				PRODUCT_NAME = "$(TARGET_NAME)";
				SWIFT_EMIT_LOC_STRINGS = YES;
				SWIFT_VERSION = 5.0;
				TARGETED_DEVICE_FAMILY = "1,2";
			};
			name = Debug;
		};
		4572BD3727F138C200A0D556 /* Release */ = {
			isa = XCBuildConfiguration;
			buildSettings = {
				ASSETCATALOG_COMPILER_APPICON_NAME = AppIcon;
				ASSETCATALOG_COMPILER_GLOBAL_ACCENT_COLOR_NAME = AccentColor;
				CODE_SIGN_STYLE = Automatic;
				CURRENT_PROJECT_VERSION = 1;
				DEVELOPMENT_TEAM = 7ZRM9W758F;
				GENERATE_INFOPLIST_FILE = YES;
				INFOPLIST_FILE = SampleCollections/Info.plist;
				INFOPLIST_KEY_UIApplicationSupportsIndirectInputEvents = YES;
				INFOPLIST_KEY_UILaunchStoryboardName = LaunchScreen;
				INFOPLIST_KEY_UIMainStoryboardFile = Main;
				INFOPLIST_KEY_UISupportedInterfaceOrientations_iPad = "UIInterfaceOrientationPortrait UIInterfaceOrientationPortraitUpsideDown UIInterfaceOrientationLandscapeLeft UIInterfaceOrientationLandscapeRight";
				INFOPLIST_KEY_UISupportedInterfaceOrientations_iPhone = "UIInterfaceOrientationPortrait UIInterfaceOrientationLandscapeLeft UIInterfaceOrientationLandscapeRight";
				LD_RUNPATH_SEARCH_PATHS = (
					"$(inherited)",
					"@executable_path/Frameworks",
				);
				MARKETING_VERSION = 1.0;
				PRODUCT_BUNDLE_IDENTIFIER = test.SampleCollections;
				PRODUCT_NAME = "$(TARGET_NAME)";
				SWIFT_EMIT_LOC_STRINGS = YES;
				SWIFT_VERSION = 5.0;
				TARGETED_DEVICE_FAMILY = "1,2";
			};
			name = Release;
		};
		4572BD3927F138C200A0D556 /* Debug */ = {
			isa = XCBuildConfiguration;
			buildSettings = {
				ALWAYS_EMBED_SWIFT_STANDARD_LIBRARIES = YES;
				BUNDLE_LOADER = "$(TEST_HOST)";
				CODE_SIGN_STYLE = Automatic;
				CURRENT_PROJECT_VERSION = 1;
				DEVELOPMENT_TEAM = 7ZRM9W758F;
				GENERATE_INFOPLIST_FILE = YES;
				IPHONEOS_DEPLOYMENT_TARGET = 15.2;
				MARKETING_VERSION = 1.0;
				PRODUCT_BUNDLE_IDENTIFIER = test.SampleCollectionsTests;
				PRODUCT_NAME = "$(TARGET_NAME)";
				SWIFT_EMIT_LOC_STRINGS = NO;
				SWIFT_VERSION = 5.0;
				TARGETED_DEVICE_FAMILY = "1,2";
				TEST_HOST = "$(BUILT_PRODUCTS_DIR)/SampleCollections.app/SampleCollections";
			};
			name = Debug;
		};
		4572BD3A27F138C200A0D556 /* Release */ = {
			isa = XCBuildConfiguration;
			buildSettings = {
				ALWAYS_EMBED_SWIFT_STANDARD_LIBRARIES = YES;
				BUNDLE_LOADER = "$(TEST_HOST)";
				CODE_SIGN_STYLE = Automatic;
				CURRENT_PROJECT_VERSION = 1;
				DEVELOPMENT_TEAM = 7ZRM9W758F;
				GENERATE_INFOPLIST_FILE = YES;
				IPHONEOS_DEPLOYMENT_TARGET = 15.2;
				MARKETING_VERSION = 1.0;
				PRODUCT_BUNDLE_IDENTIFIER = test.SampleCollectionsTests;
				PRODUCT_NAME = "$(TARGET_NAME)";
				SWIFT_EMIT_LOC_STRINGS = NO;
				SWIFT_VERSION = 5.0;
				TARGETED_DEVICE_FAMILY = "1,2";
				TEST_HOST = "$(BUILT_PRODUCTS_DIR)/SampleCollections.app/SampleCollections";
			};
			name = Release;
		};
		4572BD3C27F138C200A0D556 /* Debug */ = {
			isa = XCBuildConfiguration;
			buildSettings = {
				ALWAYS_EMBED_SWIFT_STANDARD_LIBRARIES = YES;
				CODE_SIGN_STYLE = Automatic;
				CURRENT_PROJECT_VERSION = 1;
				DEVELOPMENT_TEAM = 7ZRM9W758F;
				GENERATE_INFOPLIST_FILE = YES;
				MARKETING_VERSION = 1.0;
				PRODUCT_BUNDLE_IDENTIFIER = test.SampleCollectionsUITests;
				PRODUCT_NAME = "$(TARGET_NAME)";
				SWIFT_EMIT_LOC_STRINGS = NO;
				SWIFT_VERSION = 5.0;
				TARGETED_DEVICE_FAMILY = "1,2";
				TEST_TARGET_NAME = SampleCollections;
			};
			name = Debug;
		};
		4572BD3D27F138C200A0D556 /* Release */ = {
			isa = XCBuildConfiguration;
			buildSettings = {
				ALWAYS_EMBED_SWIFT_STANDARD_LIBRARIES = YES;
				CODE_SIGN_STYLE = Automatic;
				CURRENT_PROJECT_VERSION = 1;
				DEVELOPMENT_TEAM = 7ZRM9W758F;
				GENERATE_INFOPLIST_FILE = YES;
				MARKETING_VERSION = 1.0;
				PRODUCT_BUNDLE_IDENTIFIER = test.SampleCollectionsUITests;
				PRODUCT_NAME = "$(TARGET_NAME)";
				SWIFT_EMIT_LOC_STRINGS = NO;
				SWIFT_VERSION = 5.0;
				TARGETED_DEVICE_FAMILY = "1,2";
				TEST_TARGET_NAME = SampleCollections;
			};
			name = Release;
		};
/* End XCBuildConfiguration section */

/* Begin XCConfigurationList section */
		4572BD0627F138C000A0D556 /* Build configuration list for PBXProject "SampleCollections" */ = {
			isa = XCConfigurationList;
			buildConfigurations = (
				4572BD3327F138C200A0D556 /* Debug */,
				4572BD3427F138C200A0D556 /* Release */,
			);
			defaultConfigurationIsVisible = 0;
			defaultConfigurationName = Release;
		};
		4572BD3527F138C200A0D556 /* Build configuration list for PBXNativeTarget "SampleCollections" */ = {
			isa = XCConfigurationList;
			buildConfigurations = (
				4572BD3627F138C200A0D556 /* Debug */,
				4572BD3727F138C200A0D556 /* Release */,
			);
			defaultConfigurationIsVisible = 0;
			defaultConfigurationName = Release;
		};
		4572BD3827F138C200A0D556 /* Build configuration list for PBXNativeTarget "SampleCollectionsTests" */ = {
			isa = XCConfigurationList;
			buildConfigurations = (
				4572BD3927F138C200A0D556 /* Debug */,
				4572BD3A27F138C200A0D556 /* Release */,
			);
			defaultConfigurationIsVisible = 0;
			defaultConfigurationName = Release;
		};
		4572BD3B27F138C200A0D556 /* Build configuration list for PBXNativeTarget "SampleCollectionsUITests" */ = {
			isa = XCConfigurationList;
			buildConfigurations = (
				4572BD3C27F138C200A0D556 /* Debug */,
				4572BD3D27F138C200A0D556 /* Release */,
			);
			defaultConfigurationIsVisible = 0;
			defaultConfigurationName = Release;
		};
/* End XCConfigurationList section */
	};
	rootObject = 4572BD0327F138C000A0D556 /* Project object */;
}
